
Microsoft Visual Studio Solution File, Format Version 12.00
# Visual Studio 2013
VisualStudioVersion = 12.0.30501.0
MinimumVisualStudioVersion = 10.0.40219.1
Project("{FAE04EC0-301F-11D3-BF4B-00C04F79EFBC}") = "OneCog.Net", "OneCog.Net\OneCog.Net.csproj", "{00FEBF8B-4F10-4408-9268-2C448CFFAAEE}"
EndProject
Project("{FAE04EC0-301F-11D3-BF4B-00C04F79EFBC}") = "OneCog.Net.Universal", "OneCog.Net.Universal\OneCog.Net.Universal.csproj", "{EBED95A4-6E5A-4350-9E3B-AE1F277E3B90}"
EndProject
Project("{FAE04EC0-301F-11D3-BF4B-00C04F79EFBC}") = "OneCog.Net.Desktop", "OneCog.Net.Desktop\OneCog.Net.Desktop.csproj", "{E63834CA-C343-42B0-A330-0A75F6BBC806}"
EndProject
Project("{2150E333-8FDC-42A3-9474-1A3956D46DE8}") = "Nuget", "Nuget", "{4125A053-A1DA-423D-B064-B6C6E222158A}"
	ProjectSection(SolutionItems) = preProject
		MyGet-Old.bat = MyGet-Old.bat
		OneCog.Net.nuspec = OneCog.Net.nuspec
	EndProjectSection
EndProject
Global
	GlobalSection(SolutionConfigurationPlatforms) = preSolution
		Debug|Any CPU = Debug|Any CPU
		Release|Any CPU = Release|Any CPU
	EndGlobalSection
	GlobalSection(ProjectConfigurationPlatforms) = postSolution
		{00FEBF8B-4F10-4408-9268-2C448CFFAAEE}.Debug|Any CPU.ActiveCfg = Debug|Any CPU
		{00FEBF8B-4F10-4408-9268-2C448CFFAAEE}.Debug|Any CPU.Build.0 = Debug|Any CPU
		{00FEBF8B-4F10-4408-9268-2C448CFFAAEE}.Release|Any CPU.ActiveCfg = Release|Any CPU
		{00FEBF8B-4F10-4408-9268-2C448CFFAAEE}.Release|Any CPU.Build.0 = Release|Any CPU
		{EBED95A4-6E5A-4350-9E3B-AE1F277E3B90}.Debug|Any CPU.ActiveCfg = Debug|Any CPU
		{EBED95A4-6E5A-4350-9E3B-AE1F277E3B90}.Debug|Any CPU.Build.0 = Debug|Any CPU
		{EBED95A4-6E5A-4350-9E3B-AE1F277E3B90}.Release|Any CPU.ActiveCfg = Release|Any CPU
		{EBED95A4-6E5A-4350-9E3B-AE1F277E3B90}.Release|Any CPU.Build.0 = Release|Any CPU
		{E63834CA-C343-42B0-A330-0A75F6BBC806}.Debug|Any CPU.ActiveCfg = Debug|Any CPU
		{E63834CA-C343-42B0-A330-0A75F6BBC806}.Debug|Any CPU.Build.0 = Debug|Any CPU
		{E63834CA-C343-42B0-A330-0A75F6BBC806}.Release|Any CPU.ActiveCfg = Release|Any CPU
		{E63834CA-C343-42B0-A330-0A75F6BBC806}.Release|Any CPU.Build.0 = Release|Any CPU
	EndGlobalSection
	GlobalSection(SolutionProperties) = preSolution
		HideSolutionNode = FALSE
	EndGlobalSection
EndGlobal
